
Microsoft Visual Studio Solution File, Format Version 12.00
# Visual Studio 15
VisualStudioVersion = 15.0.28307.106
MinimumVisualStudioVersion = 10.0.40219.1
Project("{FAE04EC0-301F-11D3-BF4B-00C04F79EFBC}") = "PiGpio", "PiGpio\PiGpio.csproj", "{2C1BBF48-3B9E-4E22-8B05-41588AA3B08F}"
EndProject
Global
	GlobalSection(SolutionConfigurationPlatforms) = preSolution
		Debug|Any CPU = Debug|Any CPU
		Release|Any CPU = Release|Any CPU
	EndGlobalSection
	GlobalSection(ProjectConfigurationPlatforms) = postSolution
		{2C1BBF48-3B9E-4E22-8B05-41588AA3B08F}.Debug|Any CPU.ActiveCfg = Debug|Any CPU
		{2C1BBF48-3B9E-4E22-8B05-41588AA3B08F}.Debug|Any CPU.Build.0 = Debug|Any CPU
		{2C1BBF48-3B9E-4E22-8B05-41588AA3B08F}.Release|Any CPU.ActiveCfg = Release|Any CPU
		{2C1BBF48-3B9E-4E22-8B05-41588AA3B08F}.Release|Any CPU.Build.0 = Release|Any CPU
	EndGlobalSection
	GlobalSection(SolutionProperties) = preSolution
		HideSolutionNode = FALSE
	EndGlobalSection
	GlobalSection(ExtensibilityGlobals) = postSolution
		SolutionGuid = {22371BFF-91BF-4E5B-8FF3-D7BC03D6B360}
	EndGlobalSection
EndGlobal
